
Microsoft Visual Studio Solution File, Format Version 12.00
# Visual Studio Version 17
VisualStudioVersion = 17.4.33403.182
MinimumVisualStudioVersion = 10.0.40219.1
Project("{8BC9CEB8-8B4A-11D0-8D11-00A0C91BC942}") = "Job System Tests", "Job System Tests\Job System Tests.vcxproj", "{D55E95DC-636A-4319-8768-68148D305DF1}"
EndProject
Project("{8BC9CEB8-8B4A-11D0-8D11-00A0C91BC942}") = "Job System Engine", "Job System Engine\Job System Engine.vcxproj", "{57409C69-6E48-4D9F-9A06-0C7B506B488B}"
EndProject
Project("{8BC9CEB8-8B4A-11D0-8D11-00A0C91BC942}") = "Jobs", "Libs\Jobs\Jobs.vcxproj", "{713D8C2F-D8A5-4AAE-ADEE-D83073EBCCA5}"
EndProject
Project("{8BC9CEB8-8B4A-11D0-8D11-00A0C91BC942}") = "Collision", "Libs\Collision\Collision.vcxproj", "{8A4FA36F-72F5-40FD-833A-A233906647F0}"
EndProject
Project("{8BC9CEB8-8B4A-11D0-8D11-00A0C91BC942}") = "Graphics", "Libs\Graphics\Graphics.vcxproj", "{8F9F165F-CAEC-4409-804D-7757C7D92612}"
EndProject
Project("{8BC9CEB8-8B4A-11D0-8D11-00A0C91BC942}") = "Maths", "Libs\Maths\Maths.vcxproj", "{32A7E373-03E2-4B4E-810F-BAA79AA00ECF}"
EndProject
Project("{8BC9CEB8-8B4A-11D0-8D11-00A0C91BC942}") = "Diagnostic", "Libs\Diagnostic\Diagnostic.vcxproj", "{267BB7A4-7D9C-4D2D-BD03-6A09A2760759}"
EndProject
Global
	GlobalSection(SolutionConfigurationPlatforms) = preSolution
		Debug|x64 = Debug|x64
		Debug|x86 = Debug|x86
		Release|x64 = Release|x64
		Release|x86 = Release|x86
	EndGlobalSection
	GlobalSection(ProjectConfigurationPlatforms) = postSolution
		{D55E95DC-636A-4319-8768-68148D305DF1}.Debug|x64.ActiveCfg = Debug|x64
		{D55E95DC-636A-4319-8768-68148D305DF1}.Debug|x64.Build.0 = Debug|x64
		{D55E95DC-636A-4319-8768-68148D305DF1}.Debug|x86.ActiveCfg = Debug|Win32
		{D55E95DC-636A-4319-8768-68148D305DF1}.Debug|x86.Build.0 = Debug|Win32
		{D55E95DC-636A-4319-8768-68148D305DF1}.Release|x64.ActiveCfg = Release|x64
		{D55E95DC-636A-4319-8768-68148D305DF1}.Release|x64.Build.0 = Release|x64
		{D55E95DC-636A-4319-8768-68148D305DF1}.Release|x86.ActiveCfg = Release|Win32
		{D55E95DC-636A-4319-8768-68148D305DF1}.Release|x86.Build.0 = Release|Win32
		{57409C69-6E48-4D9F-9A06-0C7B506B488B}.Debug|x64.ActiveCfg = Debug|x64
		{57409C69-6E48-4D9F-9A06-0C7B506B488B}.Debug|x64.Build.0 = Debug|x64
		{57409C69-6E48-4D9F-9A06-0C7B506B488B}.Debug|x86.ActiveCfg = Debug|Win32
		{57409C69-6E48-4D9F-9A06-0C7B506B488B}.Debug|x86.Build.0 = Debug|Win32
		{57409C69-6E48-4D9F-9A06-0C7B506B488B}.Release|x64.ActiveCfg = Release|x64
		{57409C69-6E48-4D9F-9A06-0C7B506B488B}.Release|x64.Build.0 = Release|x64
		{57409C69-6E48-4D9F-9A06-0C7B506B488B}.Release|x86.ActiveCfg = Release|Win32
		{57409C69-6E48-4D9F-9A06-0C7B506B488B}.Release|x86.Build.0 = Release|Win32
		{713D8C2F-D8A5-4AAE-ADEE-D83073EBCCA5}.Debug|x64.ActiveCfg = Debug|x64
		{713D8C2F-D8A5-4AAE-ADEE-D83073EBCCA5}.Debug|x64.Build.0 = Debug|x64
		{713D8C2F-D8A5-4AAE-ADEE-D83073EBCCA5}.Debug|x86.ActiveCfg = Debug|Win32
		{713D8C2F-D8A5-4AAE-ADEE-D83073EBCCA5}.Debug|x86.Build.0 = Debug|Win32
		{713D8C2F-D8A5-4AAE-ADEE-D83073EBCCA5}.Release|x64.ActiveCfg = Release|x64
		{713D8C2F-D8A5-4AAE-ADEE-D83073EBCCA5}.Release|x64.Build.0 = Release|x64
		{713D8C2F-D8A5-4AAE-ADEE-D83073EBCCA5}.Release|x86.ActiveCfg = Release|Win32
		{713D8C2F-D8A5-4AAE-ADEE-D83073EBCCA5}.Release|x86.Build.0 = Release|Win32
		{8A4FA36F-72F5-40FD-833A-A233906647F0}.Debug|x64.ActiveCfg = Debug|x64
		{8A4FA36F-72F5-40FD-833A-A233906647F0}.Debug|x64.Build.0 = Debug|x64
		{8A4FA36F-72F5-40FD-833A-A233906647F0}.Debug|x86.ActiveCfg = Debug|Win32
		{8A4FA36F-72F5-40FD-833A-A233906647F0}.Debug|x86.Build.0 = Debug|Win32
		{8A4FA36F-72F5-40FD-833A-A233906647F0}.Release|x64.ActiveCfg = Release|x64
		{8A4FA36F-72F5-40FD-833A-A233906647F0}.Release|x64.Build.0 = Release|x64
		{8A4FA36F-72F5-40FD-833A-A233906647F0}.Release|x86.ActiveCfg = Release|Win32
		{8A4FA36F-72F5-40FD-833A-A233906647F0}.Release|x86.Build.0 = Release|Win32
		{8F9F165F-CAEC-4409-804D-7757C7D92612}.Debug|x64.ActiveCfg = Debug|x64
		{8F9F165F-CAEC-4409-804D-7757C7D92612}.Debug|x64.Build.0 = Debug|x64
		{8F9F165F-CAEC-4409-804D-7757C7D92612}.Debug|x86.ActiveCfg = Debug|Win32
		{8F9F165F-CAEC-4409-804D-7757C7D92612}.Debug|x86.Build.0 = Debug|Win32
		{8F9F165F-CAEC-4409-804D-7757C7D92612}.Release|x64.ActiveCfg = Release|x64
		{8F9F165F-CAEC-4409-804D-7757C7D92612}.Release|x64.Build.0 = Release|x64
		{8F9F165F-CAEC-4409-804D-7757C7D92612}.Release|x86.ActiveCfg = Release|Win32
		{8F9F165F-CAEC-4409-804D-7757C7D92612}.Release|x86.Build.0 = Release|Win32
		{32A7E373-03E2-4B4E-810F-BAA79AA00ECF}.Debug|x64.ActiveCfg = Debug|x64
		{32A7E373-03E2-4B4E-810F-BAA79AA00ECF}.Debug|x64.Build.0 = Debug|x64
		{32A7E373-03E2-4B4E-810F-BAA79AA00ECF}.Debug|x86.ActiveCfg = Debug|Win32
		{32A7E373-03E2-4B4E-810F-BAA79AA00ECF}.Debug|x86.Build.0 = Debug|Win32
		{32A7E373-03E2-4B4E-810F-BAA79AA00ECF}.Release|x64.ActiveCfg = Release|x64
		{32A7E373-03E2-4B4E-810F-BAA79AA00ECF}.Release|x64.Build.0 = Release|x64
		{32A7E373-03E2-4B4E-810F-BAA79AA00ECF}.Release|x86.ActiveCfg = Release|Win32
		{32A7E373-03E2-4B4E-810F-BAA79AA00ECF}.Release|x86.Build.0 = Release|Win32
		{267BB7A4-7D9C-4D2D-BD03-6A09A2760759}.Debug|x64.ActiveCfg = Debug|x64
		{267BB7A4-7D9C-4D2D-BD03-6A09A2760759}.Debug|x64.Build.0 = Debug|x64
		{267BB7A4-7D9C-4D2D-BD03-6A09A2760759}.Debug|x86.ActiveCfg = Debug|Win32
		{267BB7A4-7D9C-4D2D-BD03-6A09A2760759}.Debug|x86.Build.0 = Debug|Win32
		{267BB7A4-7D9C-4D2D-BD03-6A09A2760759}.Release|x64.ActiveCfg = Release|x64
		{267BB7A4-7D9C-4D2D-BD03-6A09A2760759}.Release|x64.Build.0 = Release|x64
		{267BB7A4-7D9C-4D2D-BD03-6A09A2760759}.Release|x86.ActiveCfg = Release|Win32
		{267BB7A4-7D9C-4D2D-BD03-6A09A2760759}.Release|x86.Build.0 = Release|Win32
	EndGlobalSection
	GlobalSection(SolutionProperties) = preSolution
		HideSolutionNode = FALSE
	EndGlobalSection
	GlobalSection(ExtensibilityGlobals) = postSolution
		SolutionGuid = {24E5B1E0-943E-4437-BE40-BDB4C724C29B}
	EndGlobalSection
EndGlobal
