<?xml version="1.0" encoding="utf-8"?>
<Project ToolsVersion="4.0" xmlns="http://schemas.microsoft.com/developer/msbuild/2003">
  <ItemGroup>
    <Filter Include="Source Files">
      <UniqueIdentifier>{4FC737F1-C7A5-4376-A066-2A32D752A2FF}</UniqueIdentifier>
      <Extensions>cpp;c;cc;cxx;c++;cppm;ixx;def;odl;idl;hpj;bat;asm;asmx</Extensions>
    </Filter>
    <Filter Include="Header Files">
      <UniqueIdentifier>{93995380-89BD-4b04-88EB-625FBE52EBFB}</UniqueIdentifier>
      <Extensions>h;hh;hpp;hxx;h++;hm;inl;inc;ipp;xsd</Extensions>
    </Filter>
    <Filter Include="Resource Files">
      <UniqueIdentifier>{67DA6AB6-F800-4c08-8B7A-83BB121AAD01}</UniqueIdentifier>
      <Extensions>rc;ico;cur;bmp;dlg;rc2;rct;bin;rgs;gif;jpg;jpeg;jpe;resx;tiff;tif;png;wav;mfcribbon-ms</Extensions>
    </Filter>
    <Filter Include="Source Files\Camera">
      <UniqueIdentifier>{6a2166b0-d834-4ca8-a6d4-1b1fa1980a22}</UniqueIdentifier>
    </Filter>
    <Filter Include="Source Files\Model">
      <UniqueIdentifier>{63bc2360-916a-4fc7-b848-4bd27c5234f4}</UniqueIdentifier>
    </Filter>
    <Filter Include="Source Files\Shader">
      <UniqueIdentifier>{3777666a-e0d4-406f-8c6c-f376b43d34c3}</UniqueIdentifier>
    </Filter>
  </ItemGroup>
  <ItemGroup>
    <ClInclude Include="framework.h">
      <Filter>Header Files</Filter>
    </ClInclude>
    <ClInclude Include="pch.h">
      <Filter>Header Files</Filter>
    </ClInclude>
    <ClInclude Include="Camera\Camera.h">
      <Filter>Source Files\Camera</Filter>
    </ClInclude>
    <ClInclude Include="Camera\CameraData.h">
      <Filter>Source Files\Camera</Filter>
    </ClInclude>
    <ClInclude Include="Model\Mesh.h">
      <Filter>Source Files\Model</Filter>
    </ClInclude>
    <ClInclude Include="Model\ModelAsset.h">
      <Filter>Source Files\Model</Filter>
    </ClInclude>
    <ClInclude Include="Model\ModelToRender.h">
      <Filter>Source Files\Model</Filter>
    </ClInclude>
    <ClInclude Include="Shader\ShaderLoader.h">
      <Filter>Source Files\Shader</Filter>
    </ClInclude>
    <ClInclude Include="Shader\ShaderProgram.h">
      <Filter>Source Files\Shader</Filter>
    </ClInclude>
    <ClInclude Include="GraphicsAsset.h">
      <Filter>Source Files</Filter>
    </ClInclude>
  </ItemGroup>
  <ItemGroup>
    <ClCompile Include="pch.cpp">
      <Filter>Source Files</Filter>
    </ClCompile>
    <ClCompile Include="Camera\Camera.cpp">
      <Filter>Source Files\Camera</Filter>
    </ClCompile>
    <ClCompile Include="Model\Mesh.cpp">
      <Filter>Source Files\Model</Filter>
    </ClCompile>
    <ClCompile Include="Model\ModelAsset.cpp">
      <Filter>Source Files\Model</Filter>
    </ClCompile>
    <ClCompile Include="Shader\ShaderLoader.cpp">
      <Filter>Source Files\Shader</Filter>
    </ClCompile>
    <ClCompile Include="Shader\ShaderProgram.cpp">
      <Filter>Source Files\Shader</Filter>
    </ClCompile>
  </ItemGroup>
</Project>